
Microsoft Visual Studio Solution File, Format Version 12.00
# Visual Studio Version 16
VisualStudioVersion = 16.0.31729.503
MinimumVisualStudioVersion = 10.0.40219.1
Project("{9A19103F-16F7-4668-BE54-9A1E7A4F7556}") = "RestaurantSystem", "RestaurantSystem.csproj", "{1302EC49-7416-44FD-B754-1F2ADB2C2A74}"
EndProject
Global
	GlobalSection(SolutionConfigurationPlatforms) = preSolution
		Debug|Any CPU = Debug|Any CPU
		Release|Any CPU = Release|Any CPU
	EndGlobalSection
	GlobalSection(ProjectConfigurationPlatforms) = postSolution
		{1302EC49-7416-44FD-B754-1F2ADB2C2A74}.Debug|Any CPU.ActiveCfg = Debug|Any CPU
		{1302EC49-7416-44FD-B754-1F2ADB2C2A74}.Debug|Any CPU.Build.0 = Debug|Any CPU
		{1302EC49-7416-44FD-B754-1F2ADB2C2A74}.Release|Any CPU.ActiveCfg = Release|Any CPU
		{1302EC49-7416-44FD-B754-1F2ADB2C2A74}.Release|Any CPU.Build.0 = Release|Any CPU
	EndGlobalSection
	GlobalSection(SolutionProperties) = preSolution
		HideSolutionNode = FALSE
	EndGlobalSection
	GlobalSection(ExtensibilityGlobals) = postSolution
		SolutionGuid = {EEC37777-9AD5-4E22-9B6A-07D96542381C}
	EndGlobalSection
EndGlobal
